
Microsoft Visual Studio Solution File, Format Version 11.00
# Visual Studio 2010
Project("{FAE04EC0-301F-11D3-BF4B-00C04F79EFBC}") = "Assembly-CSharp", "Assembly-CSharp.csproj", "{FA3346A6-B0ED-8930-7694-A2456127828B}"
EndProject
Project("{FAE04EC0-301F-11D3-BF4B-00C04F79EFBC}") = "Assembly-CSharp-Editor", "Assembly-CSharp-Editor.csproj", "{D82CD53B-5448-A258-1E65-71ADF966D0D4}"
EndProject
Global
	GlobalSection(SolutionConfigurationPlatforms) = preSolution
		Debug|Any CPU = Debug|Any CPU
		Release|Any CPU = Release|Any CPU
	EndGlobalSection
	GlobalSection(ProjectConfigurationPlatforms) = postSolution
		{FA3346A6-B0ED-8930-7694-A2456127828B}.Debug|Any CPU.ActiveCfg = Debug|Any CPU
		{FA3346A6-B0ED-8930-7694-A2456127828B}.Debug|Any CPU.Build.0 = Debug|Any CPU
		{FA3346A6-B0ED-8930-7694-A2456127828B}.Release|Any CPU.ActiveCfg = Release|Any CPU
		{FA3346A6-B0ED-8930-7694-A2456127828B}.Release|Any CPU.Build.0 = Release|Any CPU
		{D82CD53B-5448-A258-1E65-71ADF966D0D4}.Debug|Any CPU.ActiveCfg = Debug|Any CPU
		{D82CD53B-5448-A258-1E65-71ADF966D0D4}.Debug|Any CPU.Build.0 = Debug|Any CPU
		{D82CD53B-5448-A258-1E65-71ADF966D0D4}.Release|Any CPU.ActiveCfg = Release|Any CPU
		{D82CD53B-5448-A258-1E65-71ADF966D0D4}.Release|Any CPU.Build.0 = Release|Any CPU
	EndGlobalSection
	GlobalSection(SolutionProperties) = preSolution
		HideSolutionNode = FALSE
	EndGlobalSection
EndGlobal
